<?xml version="1.0" encoding="utf-8"?>
<Project ToolsVersion="4.0" xmlns="http://schemas.microsoft.com/developer/msbuild/2003">
  <ItemGroup>
    <Filter Include="소스 파일">
      <UniqueIdentifier>{4FC737F1-C7A5-4376-A066-2A32D752A2FF}</UniqueIdentifier>
      <Extensions>cpp;c;cc;cxx;c++;cppm;ixx;def;odl;idl;hpj;bat;asm;asmx</Extensions>
    </Filter>
    <Filter Include="헤더 파일">
      <UniqueIdentifier>{93995380-89BD-4b04-88EB-625FBE52EBFB}</UniqueIdentifier>
      <Extensions>h;hh;hpp;hxx;h++;hm;inl;inc;ipp;xsd</Extensions>
    </Filter>
    <Filter Include="리소스 파일">
      <UniqueIdentifier>{67DA6AB6-F800-4c08-8B7A-83BB121AAD01}</UniqueIdentifier>
      <Extensions>rc;ico;cur;bmp;dlg;rc2;rct;bin;rgs;gif;jpg;jpeg;jpe;resx;tiff;tif;png;wav;mfcribbon-ms</Extensions>
    </Filter>
    <Filter Include="유닛">
      <UniqueIdentifier>{7ad12531-ea7e-49c3-b4ae-315f04da9e52}</UniqueIdentifier>
    </Filter>
    <Filter Include="유닛\헤더">
      <UniqueIdentifier>{8ffb0940-0158-4751-a6df-1ad56f9426a9}</UniqueIdentifier>
    </Filter>
    <Filter Include="유닛\소스">
      <UniqueIdentifier>{064110ca-789c-48ab-88ee-596723578ffa}</UniqueIdentifier>
    </Filter>
    <Filter Include="시스템">
      <UniqueIdentifier>{21e5c7be-ac98-4b10-bfd2-ca0a6b0d0a83}</UniqueIdentifier>
    </Filter>
    <Filter Include="시스템\헤더">
      <UniqueIdentifier>{4360026e-084b-4475-a7bc-1e6f2bf1b414}</UniqueIdentifier>
    </Filter>
    <Filter Include="시스템\소스">
      <UniqueIdentifier>{81a4c28a-cf36-4952-b67e-b901c3ccc4b2}</UniqueIdentifier>
    </Filter>
  </ItemGroup>
  <ItemGroup>
    <ClCompile Include="MagicDraw.cpp">
      <Filter>소스 파일</Filter>
    </ClCompile>
    <ClCompile Include="BossMonster.cpp">
      <Filter>유닛\소스</Filter>
    </ClCompile>
    <ClCompile Include="Hero.cpp">
      <Filter>유닛\소스</Filter>
    </ClCompile>
    <ClCompile Include="Monster.cpp">
      <Filter>유닛\소스</Filter>
    </ClCompile>
    <ClCompile Include="Unit.cpp">
      <Filter>유닛\소스</Filter>
    </ClCompile>
    <ClCompile Include="System.cpp">
      <Filter>시스템\소스</Filter>
    </ClCompile>
    <ClCompile Include="GameProc.cpp">
      <Filter>시스템\소스</Filter>
    </ClCompile>
    <ClCompile Include="Input.cpp">
      <Filter>시스템\소스</Filter>
    </ClCompile>
    <ClCompile Include="Magic.cpp">
      <Filter>시스템\소스</Filter>
    </ClCompile>
    <ClCompile Include="MagicManager.cpp">
      <Filter>시스템\소스</Filter>
    </ClCompile>
    <ClCompile Include="SoundManager.cpp">
      <Filter>시스템\소스</Filter>
    </ClCompile>
    <ClCompile Include="UnitManager.cpp">
      <Filter>유닛\소스</Filter>
    </ClCompile>
  </ItemGroup>
  <ItemGroup>
    <ClInclude Include="BossMonster.h">
      <Filter>유닛\헤더</Filter>
    </ClInclude>
    <ClInclude Include="Hero.h">
      <Filter>유닛\헤더</Filter>
    </ClInclude>
    <ClInclude Include="Monster.h">
      <Filter>유닛\헤더</Filter>
    </ClInclude>
    <ClInclude Include="Unit.h">
      <Filter>유닛\헤더</Filter>
    </ClInclude>
    <ClInclude Include="UnitManager.h">
      <Filter>유닛\헤더</Filter>
    </ClInclude>
    <ClInclude Include="System.h">
      <Filter>시스템\헤더</Filter>
    </ClInclude>
    <ClInclude Include="MagicManager.h">
      <Filter>시스템\헤더</Filter>
    </ClInclude>
    <ClInclude Include="Magic.h">
      <Filter>시스템\헤더</Filter>
    </ClInclude>
    <ClInclude Include="Input.h">
      <Filter>시스템\헤더</Filter>
    </ClInclude>
    <ClInclude Include="GameProc.h">
      <Filter>시스템\헤더</Filter>
    </ClInclude>
    <ClInclude Include="resource.h">
      <Filter>헤더 파일</Filter>
    </ClInclude>
    <ClInclude Include="SoundManager.h">
      <Filter>시스템\헤더</Filter>
    </ClInclude>
  </ItemGroup>
  <ItemGroup>
    <ResourceCompile Include="MagicDraw.rc">
      <Filter>리소스 파일</Filter>
    </ResourceCompile>
  </ItemGroup>
  <ItemGroup>
    <None Include="cursor1.cur">
      <Filter>리소스 파일</Filter>
    </None>
    <None Include="cursor.cur">
      <Filter>리소스 파일</Filter>
    </None>
  </ItemGroup>
  <ItemGroup>
    <Image Include="..\Data\button.bmp">
      <Filter>리소스 파일</Filter>
    </Image>
    <Image Include="..\Data\icon.ico">
      <Filter>리소스 파일</Filter>
    </Image>
  </ItemGroup>
</Project>